// !$*UTF8*$!
{
	archiveVersion = 1;
	classes = {
	};
	objectVersion = 46;
	objects = {

/* Begin PBXBuildFile section */
		303A273F1E9E1C9A00D3E4F7 /* main.m in Sources */ = {isa = PBXBuildFile; fileRef = 303A273E1E9E1C9A00D3E4F7 /* main.m */; };
		303A27421E9E1C9A00D3E4F7 /* AppDelegate.m in Sources */ = {isa = PBXBuildFile; fileRef = 303A27411E9E1C9A00D3E4F7 /* AppDelegate.m */; };
		303A27451E9E1C9A00D3E4F7 /* ViewController.m in Sources */ = {isa = PBXBuildFile; fileRef = 303A27441E9E1C9A00D3E4F7 /* ViewController.m */; };
		303A27481E9E1C9A00D3E4F7 /* Main.storyboard in Resources */ = {isa = PBXBuildFile; fileRef = 303A27461E9E1C9A00D3E4F7 /* Main.storyboard */; };
		303A274A1E9E1C9A00D3E4F7 /* Assets.xcassets in Resources */ = {isa = PBXBuildFile; fileRef = 303A27491E9E1C9A00D3E4F7 /* Assets.xcassets */; };
		303A274D1E9E1C9A00D3E4F7 /* LaunchScreen.storyboard in Resources */ = {isa = PBXBuildFile; fileRef = 303A274B1E9E1C9A00D3E4F7 /* LaunchScreen.storyboard */; };
/* End PBXBuildFile section */

/* Begin PBXFileReference section */
		303A273A1E9E1C9A00D3E4F7 /* SwipeCollectionViewTest.app */ = {isa = PBXFileReference; explicitFileType = wrapper.application; includeInIndex = 0; path = SwipeCollectionViewTest.app; sourceTree = BUILT_PRODUCTS_DIR; };
		303A273E1E9E1C9A00D3E4F7 /* main.m */ = {isa = PBXFileReference; lastKnownFileType = sourcecode.c.objc; path = main.m; sourceTree = "<group>"; };
		303A27401E9E1C9A00D3E4F7 /* AppDelegate.h */ = {isa = PBXFileReference; lastKnownFileType = sourcecode.c.h; path = AppDelegate.h; sourceTree = "<group>"; };
		303A27411E9E1C9A00D3E4F7 /* AppDelegate.m */ = {isa = PBXFileReference; lastKnownFileType = sourcecode.c.objc; path = AppDelegate.m; sourceTree = "<group>"; };
		303A27431E9E1C9A00D3E4F7 /* ViewController.h */ = {isa = PBXFileReference; lastKnownFileType = sourcecode.c.h; path = ViewController.h; sourceTree = "<group>"; };
		303A27441E9E1C9A00D3E4F7 /* ViewController.m */ = {isa = PBXFileReference; lastKnownFileType = sourcecode.c.objc; path = ViewController.m; sourceTree = "<group>"; };
		303A27471E9E1C9A00D3E4F7 /* Base */ = {isa = PBXFileReference; lastKnownFileType = file.storyboard; name = Base; path = Base.lproj/Main.storyboard; sourceTree = "<group>"; };
		303A27491E9E1C9A00D3E4F7 /* Assets.xcassets */ = {isa = PBXFileReference; lastKnownFileType = folder.assetcatalog; path = Assets.xcassets; sourceTree = "<group>"; };
		303A274C1E9E1C9A00D3E4F7 /* Base */ = {isa = PBXFileReference; lastKnownFileType = file.storyboard; name = Base; path = Base.lproj/LaunchScreen.storyboard; sourceTree = "<group>"; };
		303A274E1E9E1C9A00D3E4F7 /* Info.plist */ = {isa = PBXFileReference; lastKnownFileType = text.plist.xml; path = Info.plist; sourceTree = "<group>"; };
/* End PBXFileReference section */

/* Begin PBXFrameworksBuildPhase section */
		303A27371E9E1C9A00D3E4F7 /* Frameworks */ = {
			isa = PBXFrameworksBuildPhase;
			buildActionMask = 2147483647;
			files = (
			);
			runOnlyForDeploymentPostprocessing = 0;
		};
/* End PBXFrameworksBuildPhase section */

/* Begin PBXGroup section */
		303A27311E9E1C9A00D3E4F7 = {
			isa = PBXGroup;
			children = (
				303A273C1E9E1C9A00D3E4F7 /* SwipeCollectionViewTest */,
				303A273B1E9E1C9A00D3E4F7 /* Products */,
			);
			sourceTree = "<group>";
		};
		303A273B1E9E1C9A00D3E4F7 /* Products */ = {
			isa = PBXGroup;
			children = (
				303A273A1E9E1C9A00D3E4F7 /* SwipeCollectionViewTest.app */,
			);
			name = Products;
			sourceTree = "<group>";
		};
		303A273C1E9E1C9A00D3E4F7 /* SwipeCollectionViewTest */ = {
			isa = PBXGroup;
			children = (
				303A27401E9E1C9A00D3E4F7 /* AppDelegate.h */,
				303A27411E9E1C9A00D3E4F7 /* AppDelegate.m */,
				303A27431E9E1C9A00D3E4F7 /* ViewController.h */,
				303A27441E9E1C9A00D3E4F7 /* ViewController.m */,
				303A27461E9E1C9A00D3E4F7 /* Main.storyboard */,
				303A27491E9E1C9A00D3E4F7 /* Assets.xcassets */,
				303A274B1E9E1C9A00D3E4F7 /* LaunchScreen.storyboard */,
				303A274E1E9E1C9A00D3E4F7 /* Info.plist */,
				303A273D1E9E1C9A00D3E4F7 /* Supporting Files */,
			);
			path = SwipeCollectionViewTest;
			sourceTree = "<group>";
		};
		303A273D1E9E1C9A00D3E4F7 /* Supporting Files */ = {
			isa = PBXGroup;
			children = (
				303A273E1E9E1C9A00D3E4F7 /* main.m */,
			);
			name = "Supporting Files";
			sourceTree = "<group>";
		};
/* End PBXGroup section */

/* Begin PBXNativeTarget section */
		303A27391E9E1C9A00D3E4F7 /* SwipeCollectionViewTest */ = {
			isa = PBXNativeTarget;
			buildConfigurationList = 303A27511E9E1C9A00D3E4F7 /* Build configuration list for PBXNativeTarget "SwipeCollectionViewTest" */;
			buildPhases = (
				303A27361E9E1C9A00D3E4F7 /* Sources */,
				303A27371E9E1C9A00D3E4F7 /* Frameworks */,
				303A27381E9E1C9A00D3E4F7 /* Resources */,
			);
			buildRules = (
			);
			dependencies = (
			);
			name = SwipeCollectionViewTest;
			productName = SwipeCollectionViewTest;
			productReference = 303A273A1E9E1C9A00D3E4F7 /* SwipeCollectionViewTest.app */;
			productType = "com.apple.product-type.application";
		};
/* End PBXNativeTarget section */

/* Begin PBXProject section */
		303A27321E9E1C9A00D3E4F7 /* Project object */ = {
			isa = PBXProject;
			attributes = {
				LastUpgradeCheck = 0830;
				ORGANIZATIONNAME = "Oleksandr Pronin";
				TargetAttributes = {
					303A27391E9E1C9A00D3E4F7 = {
						CreatedOnToolsVersion = 8.3.1;
						DevelopmentTeam = LNK4VM8TWA;
						ProvisioningStyle = Automatic;
					};
				};
			};
			buildConfigurationList = 303A27351E9E1C9A00D3E4F7 /* Build configuration list for PBXProject "SwipeCollectionViewTest" */;
			compatibilityVersion = "Xcode 3.2";
			developmentRegion = English;
			hasScannedForEncodings = 0;
			knownRegions = (
				en,
				Base,
			);
			mainGroup = 303A27311E9E1C9A00D3E4F7;
			productRefGroup = 303A273B1E9E1C9A00D3E4F7 /* Products */;
			projectDirPath = "";
			projectRoot = "";
			targets = (
				303A27391E9E1C9A00D3E4F7 /* SwipeCollectionViewTest */,
			);
		};
/* End PBXProject section */

/* Begin PBXResourcesBuildPhase section */
		303A27381E9E1C9A00D3E4F7 /* Resources */ = {
			isa = PBXResourcesBuildPhase;
			buildActionMask = 2147483647;
			files = (
				303A274D1E9E1C9A00D3E4F7 /* LaunchScreen.storyboard in Resources */,
				303A274A1E9E1C9A00D3E4F7 /* Assets.xcassets in Resources */,
				303A27481E9E1C9A00D3E4F7 /* Main.storyboard in Resources */,
			);
			runOnlyForDeploymentPostprocessing = 0;
		};
/* End PBXResourcesBuildPhase section */

/* Begin PBXSourcesBuildPhase section */
		303A27361E9E1C9A00D3E4F7 /* Sources */ = {
			isa = PBXSourcesBuildPhase;
			buildActionMask = 2147483647;
			files = (
				303A27451E9E1C9A00D3E4F7 /* ViewController.m in Sources */,
				303A27421E9E1C9A00D3E4F7 /* AppDelegate.m in Sources */,
				303A273F1E9E1C9A00D3E4F7 /* main.m in Sources */,
			);
			runOnlyForDeploymentPostprocessing = 0;
		};
/* End PBXSourcesBuildPhase section */

/* Begin PBXVariantGroup section */
		303A27461E9E1C9A00D3E4F7 /* Main.storyboard */ = {
			isa = PBXVariantGroup;
			children = (
				303A27471E9E1C9A00D3E4F7 /* Base */,
			);
			name = Main.storyboard;
			sourceTree = "<group>";
		};
		303A274B1E9E1C9A00D3E4F7 /* LaunchScreen.storyboard */ = {
			isa = PBXVariantGroup;
			children = (
				303A274C1E9E1C9A00D3E4F7 /* Base */,
			);
			name = LaunchScreen.storyboard;
			sourceTree = "<group>";
		};
/* End PBXVariantGroup section */

/* Begin XCBuildConfiguration section */
		303A274F1E9E1C9A00D3E4F7 /* Debug */ = {
			isa = XCBuildConfiguration;
			buildSettings = {
				ALWAYS_SEARCH_USER_PATHS = NO;
				CLANG_ANALYZER_NONNULL = YES;
				CLANG_ANALYZER_NUMBER_OBJECT_CONVERSION = YES_AGGRESSIVE;
				CLANG_CXX_LANGUAGE_STANDARD = "gnu++0x";
				CLANG_CXX_LIBRARY = "libc++";
				CLANG_ENABLE_MODULES = YES;
				CLANG_ENABLE_OBJC_ARC = YES;
				CLANG_WARN_BOOL_CONVERSION = YES;
				CLANG_WARN_CONSTANT_CONVERSION = YES;
				CLANG_WARN_DIRECT_OBJC_ISA_USAGE = YES_ERROR;
				CLANG_WARN_DOCUMENTATION_COMMENTS = YES;
				CLANG_WARN_EMPTY_BODY = YES;
				CLANG_WARN_ENUM_CONVERSION = YES;
				CLANG_WARN_INFINITE_RECURSION = YES;
				CLANG_WARN_INT_CONVERSION = YES;
				CLANG_WARN_OBJC_ROOT_CLASS = YES_ERROR;
				CLANG_WARN_SUSPICIOUS_MOVE = YES;
				CLANG_WARN_UNREACHABLE_CODE = YES;
				CLANG_WARN__DUPLICATE_METHOD_MATCH = YES;
				"CODE_SIGN_IDENTITY[sdk=iphoneos*]" = "iPhone Developer";
				COPY_PHASE_STRIP = NO;
				DEBUG_INFORMATION_FORMAT = dwarf;
				ENABLE_STRICT_OBJC_MSGSEND = YES;
				ENABLE_TESTABILITY = YES;
				GCC_C_LANGUAGE_STANDARD = gnu99;
				GCC_DYNAMIC_NO_PIC = NO;
				GCC_NO_COMMON_BLOCKS = YES;
				GCC_OPTIMIZATION_LEVEL = 0;
				GCC_PREPROCESSOR_DEFINITIONS = (
					"DEBUG=1",
					"$(inherited)",
				);
				GCC_WARN_64_TO_32_BIT_CONVERSION = YES;
				GCC_WARN_ABOUT_RETURN_TYPE = YES_ERROR;
				GCC_WARN_UNDECLARED_SELECTOR = YES;
				GCC_WARN_UNINITIALIZED_AUTOS = YES_AGGRESSIVE;
				GCC_WARN_UNUSED_FUNCTION = YES;
				GCC_WARN_UNUSED_VARIABLE = YES;
				IPHONEOS_DEPLOYMENT_TARGET = 10.3;
				MTL_ENABLE_DEBUG_INFO = YES;
				ONLY_ACTIVE_ARCH = YES;
				SDKROOT = iphoneos;
				TARGETED_DEVICE_FAMILY = "1,2";
			};
			name = Debug;
		};
		303A27501E9E1C9A00D3E4F7 /* Release */ = {
			isa = XCBuildConfiguration;
			buildSettings = {
				ALWAYS_SEARCH_USER_PATHS = NO;
				CLANG_ANALYZER_NONNULL = YES;
				CLANG_ANALYZER_NUMBER_OBJECT_CONVERSION = YES_AGGRESSIVE;
				CLANG_CXX_LANGUAGE_STANDARD = "gnu++0x";
				CLANG_CXX_LIBRARY = "libc++";
				CLANG_ENABLE_MODULES = YES;
				CLANG_ENABLE_OBJC_ARC = YES;
				CLANG_WARN_BOOL_CONVERSION = YES;
				CLANG_WARN_CONSTANT_CONVERSION = YES;
				CLANG_WARN_DIRECT_OBJC_ISA_USAGE = YES_ERROR;
				CLANG_WARN_DOCUMENTATION_COMMENTS = YES;
				CLANG_WARN_EMPTY_BODY = YES;
				CLANG_WARN_ENUM_CONVERSION = YES;
				CLANG_WARN_INFINITE_RECURSION = YES;
				CLANG_WARN_INT_CONVERSION = YES;
				CLANG_WARN_OBJC_ROOT_CLASS = YES_ERROR;
				CLANG_WARN_SUSPICIOUS_MOVE = YES;
				CLANG_WARN_UNREACHABLE_CODE = YES;
				CLANG_WARN__DUPLICATE_METHOD_MATCH = YES;
				"CODE_SIGN_IDENTITY[sdk=iphoneos*]" = "iPhone Developer";
				COPY_PHASE_STRIP = NO;
				DEBUG_INFORMATION_FORMAT = "dwarf-with-dsym";
				ENABLE_NS_ASSERTIONS = NO;
				ENABLE_STRICT_OBJC_MSGSEND = YES;
				GCC_C_LANGUAGE_STANDARD = gnu99;
				GCC_NO_COMMON_BLOCKS = YES;
				GCC_WARN_64_TO_32_BIT_CONVERSION = YES;
				GCC_WARN_ABOUT_RETURN_TYPE = YES_ERROR;
				GCC_WARN_UNDECLARED_SELECTOR = YES;
				GCC_WARN_UNINITIALIZED_AUTOS = YES_AGGRESSIVE;
				GCC_WARN_UNUSED_FUNCTION = YES;
				GCC_WARN_UNUSED_VARIABLE = YES;
				IPHONEOS_DEPLOYMENT_TARGET = 10.3;
				MTL_ENABLE_DEBUG_INFO = NO;
				SDKROOT = iphoneos;
				TARGETED_DEVICE_FAMILY = "1,2";
				VALIDATE_PRODUCT = YES;
			};
			name = Release;
		};
		303A27521E9E1C9A00D3E4F7 /* Debug */ = {
			isa = XCBuildConfiguration;
			buildSettings = {
				ASSETCATALOG_COMPILER_APPICON_NAME = AppIcon;
				DEVELOPMENT_TEAM = LNK4VM8TWA;
				INFOPLIST_FILE = SwipeCollectionViewTest/Info.plist;
				LD_RUNPATH_SEARCH_PATHS = "$(inherited) @executable_path/Frameworks";
				PRODUCT_BUNDLE_IDENTIFIER = com.adviqo.SwipeCollectionViewTest;
				PRODUCT_NAME = "$(TARGET_NAME)";
			};
			name = Debug;
		};
		303A27531E9E1C9A00D3E4F7 /* Release */ = {
			isa = XCBuildConfiguration;
			buildSettings = {
				ASSETCATALOG_COMPILER_APPICON_NAME = AppIcon;
				DEVELOPMENT_TEAM = LNK4VM8TWA;
				INFOPLIST_FILE = SwipeCollectionViewTest/Info.plist;
				LD_RUNPATH_SEARCH_PATHS = "$(inherited) @executable_path/Frameworks";
				PRODUCT_BUNDLE_IDENTIFIER = com.adviqo.SwipeCollectionViewTest;
				PRODUCT_NAME = "$(TARGET_NAME)";
			};
			name = Release;
		};
/* End XCBuildConfiguration section */

/* Begin XCConfigurationList section */
		303A27351E9E1C9A00D3E4F7 /* Build configuration list for PBXProject "SwipeCollectionViewTest" */ = {
			isa = XCConfigurationList;
			buildConfigurations = (
				303A274F1E9E1C9A00D3E4F7 /* Debug */,
				303A27501E9E1C9A00D3E4F7 /* Release */,
			);
			defaultConfigurationIsVisible = 0;
			defaultConfigurationName = Release;
		};
		303A27511E9E1C9A00D3E4F7 /* Build configuration list for PBXNativeTarget "SwipeCollectionViewTest" */ = {
			isa = XCConfigurationList;
			buildConfigurations = (
				303A27521E9E1C9A00D3E4F7 /* Debug */,
				303A27531E9E1C9A00D3E4F7 /* Release */,
			);
			defaultConfigurationIsVisible = 0;
		};
/* End XCConfigurationList section */
	};
	rootObject = 303A27321E9E1C9A00D3E4F7 /* Project object */;
}
